{
  "name": "complain",
  "version": "1.0.0",
  "lockfileVersion": 3,
  "requires": true,
  "packages": {
    "": {
      "name": "complain",
      "version": "1.0.0",
      "license": "ISC",
      "devDependencies": {
        "typescript": "^5.8.3",
        "vite": "^6.3.6"
      }
    },
    "node_modules/@esbuild/aix-ppc64": {
      "version": "0.25.4",
      "resolved": "https://registry.npmjs.org/@esbuild/aix-ppc64/-/aix-ppc64-0.25.4.tgz",
      "integrity": "sha512-1VCICWypeQKhVbE9oW/sJaAmjLxhVqacdkvPLEjwlttjfwENRSClS8EjBz0KzRyFSCPDIkuXW34Je/vk7zdB7Q==",
      "cpu": ["ppc64"],
      "dev": true,
      "license": "MIT",
      "optional": true,
      "os": ["aix"],
      "engines": { "node": ">=18" }
    },
    "node_modules/@esbuild/android-arm": {
      "version": "0.25.4",
      "resolved": "https://registry.npmjs.org/@esbuild/android-arm/-/android-arm-0.25.4.tgz",
      "integrity": "sha512-QNdQEps7DfFwE3hXiU4BZeOV68HHzYwGd0Nthhd3uCkkEKK7/R6MTgM0P7H7FAs5pU/DIWsviMmEGxEoxIZ+ZQ==",
      "cpu": ["arm"],
      "dev": true,
      "license": "MIT",
      "optional": true,
      "os": ["android"],
      "engines": { "node": ">=18" }
    },
    ...
    "node_modules/vite": {
      "version": "6.3.6",
      "resolved": "https://registry.npmjs.org/vite/-/vite-6.3.6.tgz",
      "integrity": "sha512-dHATtrYcgNPTxwq8Yq59c41B5Dxi+Jdzb8E3M7N4R3drRjvPsA9TzJwzCF+1TKBDfxmya6KqzWl4M0WBSt46FA==",
      "dev": true,
      "license": "MIT",
      "dependencies": {
        "esbuild": "^0.25.0",
        "fdir": "^6.4.4",
        "picomatch": "^4.0.2",
        "postcss": "^8.5.3",
        "rollup": "^4.34.9",
        "tinyglobby": "^0.2.13"
      },
      "bin": {
        "vite": "bin/vite.js"
      },
      "engines": {
        "node": "^18.0.0 || ^20.0.0 || >=22.0.0"
      },
      "funding": {
        "url": "https://github.com/vitejs/vite?sponsor=1"
      },
      "optionalDependencies": {
        "fsevents": "~2.3.3"
      },
      "peerDependencies": {
        "@types/node": "^18.0.0 || ^20.0.0 || >=22.0.0",
        "jiti": ">=1.21.0",
        "less": "*",
        "lightningcss": "^1.21.0",
        "sass": "*",
        "sass-embedded": "*",
        "stylus": "*",
        "sugarss": "*",
        "terser": "^5.16.0",
        "tsx": "^4.8.1",
        "yaml": "^2.4.2"
      },
      "peerDependenciesMeta": {
        "@types/node": { "optional": true },
        "jiti": { "optional": true },
        "less": { "optional": true },
        "lightningcss": { "optional": true },
        "sass": { "optional": true },
        "sass-embedded": { "optional": true },
        "stylus": { "optional": true },
        "sugarss": { "optional": true },
        "terser": { "optional": true },
        "tsx": { "optional": true },
        "yaml": { "optional": true }
      }
    }
  }
}